
Microsoft Visual Studio Solution File, Format Version 12.00
# Visual Studio 15
VisualStudioVersion = 15.0.28307.168
MinimumVisualStudioVersion = 10.0.40219.1
Project("{FAE04EC0-301F-11D3-BF4B-00C04F79EFBC}") = "DocsMicrosoftLab", "DocsMicrosoftLab\DocsMicrosoftLab.csproj", "{0B7F6FD8-8ACE-4502-81FD-5881978B51CD}"
EndProject
Global
	GlobalSection(SolutionConfigurationPlatforms) = preSolution
		Debug|Any CPU = Debug|Any CPU
		Release|Any CPU = Release|Any CPU
	EndGlobalSection
	GlobalSection(ProjectConfigurationPlatforms) = postSolution
		{0B7F6FD8-8ACE-4502-81FD-5881978B51CD}.Debug|Any CPU.ActiveCfg = Debug|Any CPU
		{0B7F6FD8-8ACE-4502-81FD-5881978B51CD}.Debug|Any CPU.Build.0 = Debug|Any CPU
		{0B7F6FD8-8ACE-4502-81FD-5881978B51CD}.Release|Any CPU.ActiveCfg = Release|Any CPU
		{0B7F6FD8-8ACE-4502-81FD-5881978B51CD}.Release|Any CPU.Build.0 = Release|Any CPU
	EndGlobalSection
	GlobalSection(SolutionProperties) = preSolution
		HideSolutionNode = FALSE
	EndGlobalSection
	GlobalSection(ExtensibilityGlobals) = postSolution
		SolutionGuid = {E995778A-3142-48DB-A9D0-3A268E8977E4}
	EndGlobalSection
EndGlobal
